
Microsoft Visual Studio Solution File, Format Version 12.00
# Visual Studio Version 17
VisualStudioVersion = 17.4.33122.133
MinimumVisualStudioVersion = 10.0.40219.1
Project("{FAE04EC0-301F-11D3-BF4B-00C04F79EFBC}") = "MareaUnire", "MareaUnire\MareaUnire.csproj", "{AE4120F8-D414-4D46-9328-B1DD5A3FCB33}"
EndProject
Global
	GlobalSection(SolutionConfigurationPlatforms) = preSolution
		Debug|Any CPU = Debug|Any CPU
		Release|Any CPU = Release|Any CPU
	EndGlobalSection
	GlobalSection(ProjectConfigurationPlatforms) = postSolution
		{AE4120F8-D414-4D46-9328-B1DD5A3FCB33}.Debug|Any CPU.ActiveCfg = Debug|Any CPU
		{AE4120F8-D414-4D46-9328-B1DD5A3FCB33}.Debug|Any CPU.Build.0 = Debug|Any CPU
		{AE4120F8-D414-4D46-9328-B1DD5A3FCB33}.Release|Any CPU.ActiveCfg = Release|Any CPU
		{AE4120F8-D414-4D46-9328-B1DD5A3FCB33}.Release|Any CPU.Build.0 = Release|Any CPU
	EndGlobalSection
	GlobalSection(SolutionProperties) = preSolution
		HideSolutionNode = FALSE
	EndGlobalSection
	GlobalSection(ExtensibilityGlobals) = postSolution
		SolutionGuid = {EA391247-294F-4850-8C44-52BA5416191E}
	EndGlobalSection
EndGlobal
